
Microsoft Visual Studio Solution File, Format Version 12.00
# Visual Studio Version 17
VisualStudioVersion = 17.0.31903.59
MinimumVisualStudioVersion = 10.0.40219.1
Project("{9A19103F-16F7-4668-BE54-9A1E7A4F7556}") = "ToDoApp.Domain", "ToDoApp.Domain\ToDoApp.Domain.csproj", "{9ADAD2B6-4BD3-486C-A9D6-D4222E10C2CF}"
EndProject
Project("{9A19103F-16F7-4668-BE54-9A1E7A4F7556}") = "ToDoApp.Tests", "ToDoApp.Tests\ToDoApp.Tests.csproj", "{3B75C3E3-A60D-4F1E-9A8E-74F5EA5BE5A6}"
EndProject
Project("{9A19103F-16F7-4668-BE54-9A1E7A4F7556}") = "ToDoApp.Data", "ToDoApp.Data\ToDoApp.Data.csproj", "{B6AAE1C7-2A8C-4398-83A2-D9956C19F55A}"
EndProject
Project("{FAE04EC0-301F-11D3-BF4B-00C04F79EFBC}") = "ToDoApp.Web", "ToDoApp.Web\ToDoApp.Web.csproj", "{636431A9-B07B-4F02-8CC0-014E0FE6A8A5}"
EndProject
Global
	GlobalSection(SolutionConfigurationPlatforms) = preSolution
		Debug|Any CPU = Debug|Any CPU
		Release|Any CPU = Release|Any CPU
	EndGlobalSection
	GlobalSection(ProjectConfigurationPlatforms) = postSolution
		{9ADAD2B6-4BD3-486C-A9D6-D4222E10C2CF}.Debug|Any CPU.ActiveCfg = Debug|Any CPU
		{9ADAD2B6-4BD3-486C-A9D6-D4222E10C2CF}.Debug|Any CPU.Build.0 = Debug|Any CPU
		{9ADAD2B6-4BD3-486C-A9D6-D4222E10C2CF}.Release|Any CPU.ActiveCfg = Release|Any CPU
		{9ADAD2B6-4BD3-486C-A9D6-D4222E10C2CF}.Release|Any CPU.Build.0 = Release|Any CPU
		{3B75C3E3-A60D-4F1E-9A8E-74F5EA5BE5A6}.Debug|Any CPU.ActiveCfg = Debug|Any CPU
		{3B75C3E3-A60D-4F1E-9A8E-74F5EA5BE5A6}.Debug|Any CPU.Build.0 = Debug|Any CPU
		{3B75C3E3-A60D-4F1E-9A8E-74F5EA5BE5A6}.Release|Any CPU.ActiveCfg = Release|Any CPU
		{3B75C3E3-A60D-4F1E-9A8E-74F5EA5BE5A6}.Release|Any CPU.Build.0 = Release|Any CPU
		{B6AAE1C7-2A8C-4398-83A2-D9956C19F55A}.Debug|Any CPU.ActiveCfg = Debug|Any CPU
		{B6AAE1C7-2A8C-4398-83A2-D9956C19F55A}.Debug|Any CPU.Build.0 = Debug|Any CPU
		{B6AAE1C7-2A8C-4398-83A2-D9956C19F55A}.Release|Any CPU.ActiveCfg = Release|Any CPU
		{B6AAE1C7-2A8C-4398-83A2-D9956C19F55A}.Release|Any CPU.Build.0 = Release|Any CPU
		{636431A9-B07B-4F02-8CC0-014E0FE6A8A5}.Debug|Any CPU.ActiveCfg = Debug|Any CPU
		{636431A9-B07B-4F02-8CC0-014E0FE6A8A5}.Debug|Any CPU.Build.0 = Debug|Any CPU
		{636431A9-B07B-4F02-8CC0-014E0FE6A8A5}.Release|Any CPU.ActiveCfg = Release|Any CPU
		{636431A9-B07B-4F02-8CC0-014E0FE6A8A5}.Release|Any CPU.Build.0 = Release|Any CPU
	EndGlobalSection
	GlobalSection(SolutionProperties) = preSolution
		HideSolutionNode = FALSE
	EndGlobalSection
	GlobalSection(ExtensibilityGlobals) = postSolution
		SolutionGuid = {C5187498-6BA4-4ED4-870F-1D8DB8F7C668}
	EndGlobalSection
EndGlobal
